
Microsoft Visual Studio Solution File, Format Version 12.00
# Visual Studio 14
VisualStudioVersion = 14.0.25420.1
MinimumVisualStudioVersion = 10.0.40219.1
Project("{FAE04EC0-301F-11D3-BF4B-00C04F79EFBC}") = "TakLib", "TakLib\TakLib.csproj", "{80AE1152-FD43-4750-812D-31671F42F9D3}"
EndProject
Project("{FAE04EC0-301F-11D3-BF4B-00C04F79EFBC}") = "TakLibTests", "TakLibTests\TakLibTests.csproj", "{8967D0AD-DADD-4487-9FFC-3BE0E74CD4F0}"
EndProject
Project("{FAE04EC0-301F-11D3-BF4B-00C04F79EFBC}") = "PlayTakConsole", "PlayTakConsole\PlayTakConsole.csproj", "{1B92F172-2EF8-4895-A856-ADDA39A27EB0}"
EndProject
Global
	GlobalSection(SolutionConfigurationPlatforms) = preSolution
		Debug|Any CPU = Debug|Any CPU
		Release|Any CPU = Release|Any CPU
	EndGlobalSection
	GlobalSection(ProjectConfigurationPlatforms) = postSolution
		{80AE1152-FD43-4750-812D-31671F42F9D3}.Debug|Any CPU.ActiveCfg = Debug|Any CPU
		{80AE1152-FD43-4750-812D-31671F42F9D3}.Debug|Any CPU.Build.0 = Debug|Any CPU
		{80AE1152-FD43-4750-812D-31671F42F9D3}.Release|Any CPU.ActiveCfg = Release|Any CPU
		{80AE1152-FD43-4750-812D-31671F42F9D3}.Release|Any CPU.Build.0 = Release|Any CPU
		{8967D0AD-DADD-4487-9FFC-3BE0E74CD4F0}.Debug|Any CPU.ActiveCfg = Debug|Any CPU
		{8967D0AD-DADD-4487-9FFC-3BE0E74CD4F0}.Debug|Any CPU.Build.0 = Debug|Any CPU
		{8967D0AD-DADD-4487-9FFC-3BE0E74CD4F0}.Release|Any CPU.ActiveCfg = Release|Any CPU
		{8967D0AD-DADD-4487-9FFC-3BE0E74CD4F0}.Release|Any CPU.Build.0 = Release|Any CPU
		{1B92F172-2EF8-4895-A856-ADDA39A27EB0}.Debug|Any CPU.ActiveCfg = Debug|Any CPU
		{1B92F172-2EF8-4895-A856-ADDA39A27EB0}.Debug|Any CPU.Build.0 = Debug|Any CPU
		{1B92F172-2EF8-4895-A856-ADDA39A27EB0}.Release|Any CPU.ActiveCfg = Release|Any CPU
		{1B92F172-2EF8-4895-A856-ADDA39A27EB0}.Release|Any CPU.Build.0 = Release|Any CPU
	EndGlobalSection
	GlobalSection(SolutionProperties) = preSolution
		HideSolutionNode = FALSE
	EndGlobalSection
EndGlobal
