
Microsoft Visual Studio Solution File, Format Version 12.00
# Visual Studio 15
VisualStudioVersion = 15.0.27004.2008
MinimumVisualStudioVersion = 10.0.40219.1
Project("{FAE04EC0-301F-11D3-BF4B-00C04F79EFBC}") = "TakLib", "TakLib\TakLib.csproj", "{80AE1152-FD43-4750-812D-31671F42F9D3}"
EndProject
Project("{FAE04EC0-301F-11D3-BF4B-00C04F79EFBC}") = "TakLibTests", "TakLibTests\TakLibTests.csproj", "{8967D0AD-DADD-4487-9FFC-3BE0E74CD4F0}"
EndProject
Project("{FAE04EC0-301F-11D3-BF4B-00C04F79EFBC}") = "PlayTakConsole", "PlayTakConsole\PlayTakConsole.csproj", "{1B92F172-2EF8-4895-A856-ADDA39A27EB0}"
EndProject
Project("{FAE04EC0-301F-11D3-BF4B-00C04F79EFBC}") = "TakSOM", "TakSOM\TakSOM.csproj", "{A1BBFE98-7AC8-4657-A042-E7DAE9758948}"
EndProject
Project("{FAE04EC0-301F-11D3-BF4B-00C04F79EFBC}") = "ParametersEvolver", "ParametersEvolver\ParametersEvolver.csproj", "{783F7031-1DB2-4495-8CF3-1B6A5A2A39A1}"
EndProject
Project("{FAE04EC0-301F-11D3-BF4B-00C04F79EFBC}") = "TakWpfCustomControlLib", "TakWpfCustomControlLib\TakWpfCustomControlLib.csproj", "{37D9F522-7BE0-4E8F-91E5-05E1F114B759}"
EndProject
Project("{FAE04EC0-301F-11D3-BF4B-00C04F79EFBC}") = "TakFeaturesExplorer", "TakFeaturesExplorer\TakFeaturesExplorer.csproj", "{BF9FAC24-226C-456C-A259-012B5D8A6D26}"
EndProject
Project("{FAE04EC0-301F-11D3-BF4B-00C04F79EFBC}") = "TakFeatureDataExtract", "TakFeatureDataExtract\TakFeatureDataExtract.csproj", "{0D48E8BE-4F95-43DA-AABA-D4B2D623946A}"
EndProject
Global
	GlobalSection(SolutionConfigurationPlatforms) = preSolution
		Debug|Any CPU = Debug|Any CPU
		Release|Any CPU = Release|Any CPU
	EndGlobalSection
	GlobalSection(ProjectConfigurationPlatforms) = postSolution
		{80AE1152-FD43-4750-812D-31671F42F9D3}.Debug|Any CPU.ActiveCfg = Debug|Any CPU
		{80AE1152-FD43-4750-812D-31671F42F9D3}.Debug|Any CPU.Build.0 = Debug|Any CPU
		{80AE1152-FD43-4750-812D-31671F42F9D3}.Release|Any CPU.ActiveCfg = Release|Any CPU
		{80AE1152-FD43-4750-812D-31671F42F9D3}.Release|Any CPU.Build.0 = Release|Any CPU
		{8967D0AD-DADD-4487-9FFC-3BE0E74CD4F0}.Debug|Any CPU.ActiveCfg = Debug|Any CPU
		{8967D0AD-DADD-4487-9FFC-3BE0E74CD4F0}.Debug|Any CPU.Build.0 = Debug|Any CPU
		{8967D0AD-DADD-4487-9FFC-3BE0E74CD4F0}.Release|Any CPU.ActiveCfg = Release|Any CPU
		{8967D0AD-DADD-4487-9FFC-3BE0E74CD4F0}.Release|Any CPU.Build.0 = Release|Any CPU
		{1B92F172-2EF8-4895-A856-ADDA39A27EB0}.Debug|Any CPU.ActiveCfg = Debug|Any CPU
		{1B92F172-2EF8-4895-A856-ADDA39A27EB0}.Debug|Any CPU.Build.0 = Debug|Any CPU
		{1B92F172-2EF8-4895-A856-ADDA39A27EB0}.Release|Any CPU.ActiveCfg = Release|Any CPU
		{1B92F172-2EF8-4895-A856-ADDA39A27EB0}.Release|Any CPU.Build.0 = Release|Any CPU
		{A1BBFE98-7AC8-4657-A042-E7DAE9758948}.Debug|Any CPU.ActiveCfg = Debug|Any CPU
		{A1BBFE98-7AC8-4657-A042-E7DAE9758948}.Debug|Any CPU.Build.0 = Debug|Any CPU
		{A1BBFE98-7AC8-4657-A042-E7DAE9758948}.Release|Any CPU.ActiveCfg = Release|Any CPU
		{A1BBFE98-7AC8-4657-A042-E7DAE9758948}.Release|Any CPU.Build.0 = Release|Any CPU
		{783F7031-1DB2-4495-8CF3-1B6A5A2A39A1}.Debug|Any CPU.ActiveCfg = Debug|Any CPU
		{783F7031-1DB2-4495-8CF3-1B6A5A2A39A1}.Debug|Any CPU.Build.0 = Debug|Any CPU
		{783F7031-1DB2-4495-8CF3-1B6A5A2A39A1}.Release|Any CPU.ActiveCfg = Release|Any CPU
		{783F7031-1DB2-4495-8CF3-1B6A5A2A39A1}.Release|Any CPU.Build.0 = Release|Any CPU
		{37D9F522-7BE0-4E8F-91E5-05E1F114B759}.Debug|Any CPU.ActiveCfg = Debug|Any CPU
		{37D9F522-7BE0-4E8F-91E5-05E1F114B759}.Debug|Any CPU.Build.0 = Debug|Any CPU
		{37D9F522-7BE0-4E8F-91E5-05E1F114B759}.Release|Any CPU.ActiveCfg = Release|Any CPU
		{37D9F522-7BE0-4E8F-91E5-05E1F114B759}.Release|Any CPU.Build.0 = Release|Any CPU
		{BF9FAC24-226C-456C-A259-012B5D8A6D26}.Debug|Any CPU.ActiveCfg = Debug|Any CPU
		{BF9FAC24-226C-456C-A259-012B5D8A6D26}.Debug|Any CPU.Build.0 = Debug|Any CPU
		{BF9FAC24-226C-456C-A259-012B5D8A6D26}.Release|Any CPU.ActiveCfg = Release|Any CPU
		{BF9FAC24-226C-456C-A259-012B5D8A6D26}.Release|Any CPU.Build.0 = Release|Any CPU
		{0D48E8BE-4F95-43DA-AABA-D4B2D623946A}.Debug|Any CPU.ActiveCfg = Debug|Any CPU
		{0D48E8BE-4F95-43DA-AABA-D4B2D623946A}.Debug|Any CPU.Build.0 = Debug|Any CPU
		{0D48E8BE-4F95-43DA-AABA-D4B2D623946A}.Release|Any CPU.ActiveCfg = Release|Any CPU
		{0D48E8BE-4F95-43DA-AABA-D4B2D623946A}.Release|Any CPU.Build.0 = Release|Any CPU
	EndGlobalSection
	GlobalSection(SolutionProperties) = preSolution
		HideSolutionNode = FALSE
	EndGlobalSection
	GlobalSection(ExtensibilityGlobals) = postSolution
		SolutionGuid = {EE91E277-E971-49BA-97D5-F3715C2BD1DA}
	EndGlobalSection
EndGlobal
